
Microsoft Visual Studio Solution File, Format Version 12.00
# Visual Studio Version 16
VisualStudioVersion = 16.0.29411.108
MinimumVisualStudioVersion = 10.0.40219.1
Project("{FAE04EC0-301F-11D3-BF4B-00C04F79EFBC}") = "Team Manager", "Team Manager\Team Manager.csproj", "{71CA0C5C-34AE-4260-9413-3A96D3AD064A}"
EndProject
Global
	GlobalSection(SolutionConfigurationPlatforms) = preSolution
		Debug|Any CPU = Debug|Any CPU
		Release|Any CPU = Release|Any CPU
	EndGlobalSection
	GlobalSection(ProjectConfigurationPlatforms) = postSolution
		{71CA0C5C-34AE-4260-9413-3A96D3AD064A}.Debug|Any CPU.ActiveCfg = Debug|Any CPU
		{71CA0C5C-34AE-4260-9413-3A96D3AD064A}.Debug|Any CPU.Build.0 = Debug|Any CPU
		{71CA0C5C-34AE-4260-9413-3A96D3AD064A}.Release|Any CPU.ActiveCfg = Release|Any CPU
		{71CA0C5C-34AE-4260-9413-3A96D3AD064A}.Release|Any CPU.Build.0 = Release|Any CPU
	EndGlobalSection
	GlobalSection(SolutionProperties) = preSolution
		HideSolutionNode = FALSE
	EndGlobalSection
	GlobalSection(ExtensibilityGlobals) = postSolution
		SolutionGuid = {D89AE2F3-0448-45D0-8515-0015CE467CE8}
	EndGlobalSection
EndGlobal
